
Microsoft Visual Studio Solution File, Format Version 12.00
# Visual Studio Version 17
VisualStudioVersion = 17.3.32901.215
MinimumVisualStudioVersion = 10.0.40219.1
Project("{FAE04EC0-301F-11D3-BF4B-00C04F79EFBC}") = "BlazorServerCRUD", "BlazorServerCRUD.csproj", "{A9624925-9E2E-4885-A586-E5A7D22B4B4F}"
EndProject
Global
	GlobalSection(SolutionConfigurationPlatforms) = preSolution
		Debug|Any CPU = Debug|Any CPU
		Release|Any CPU = Release|Any CPU
	EndGlobalSection
	GlobalSection(ProjectConfigurationPlatforms) = postSolution
		{A9624925-9E2E-4885-A586-E5A7D22B4B4F}.Debug|Any CPU.ActiveCfg = Debug|Any CPU
		{A9624925-9E2E-4885-A586-E5A7D22B4B4F}.Debug|Any CPU.Build.0 = Debug|Any CPU
		{A9624925-9E2E-4885-A586-E5A7D22B4B4F}.Release|Any CPU.ActiveCfg = Release|Any CPU
		{A9624925-9E2E-4885-A586-E5A7D22B4B4F}.Release|Any CPU.Build.0 = Release|Any CPU
	EndGlobalSection
	GlobalSection(SolutionProperties) = preSolution
		HideSolutionNode = FALSE
	EndGlobalSection
	GlobalSection(ExtensibilityGlobals) = postSolution
		SolutionGuid = {000AF6B3-C7E4-4D45-BA09-818A34B49D42}
	EndGlobalSection
EndGlobal
